// !$*UTF8*$!
{
	archiveVersion = 1;
	classes = {
	};
	objectVersion = 56;
	objects = {

/* Begin PBXBuildFile section */
		70B51E062BAA743C0038AB91 /* AppDelegate.swift in Sources */ = {isa = PBXBuildFile; fileRef = 70B51E052BAA743C0038AB91 /* AppDelegate.swift */; };
		70B51E082BAA743C0038AB91 /* SceneDelegate.swift in Sources */ = {isa = PBXBuildFile; fileRef = 70B51E072BAA743C0038AB91 /* SceneDelegate.swift */; };
		70B51E0A2BAA743C0038AB91 /* ViewController.swift in Sources */ = {isa = PBXBuildFile; fileRef = 70B51E092BAA743C0038AB91 /* ViewController.swift */; };
		70B51E0D2BAA743C0038AB91 /* Base in Resources */ = {isa = PBXBuildFile; fileRef = 70B51E0C2BAA743C0038AB91 /* Base */; };
		70B51E0F2BAA743E0038AB91 /* Assets.xcassets in Resources */ = {isa = PBXBuildFile; fileRef = 70B51E0E2BAA743E0038AB91 /* Assets.xcassets */; };
		70B51E122BAA743E0038AB91 /* Base in Resources */ = {isa = PBXBuildFile; fileRef = 70B51E112BAA743E0038AB91 /* Base */; };
		70B51E1D2BAA743E0038AB91 /* EaterQuizAppTests.swift in Sources */ = {isa = PBXBuildFile; fileRef = 70B51E1C2BAA743E0038AB91 /* EaterQuizAppTests.swift */; };
		70B51E272BAA743E0038AB91 /* EaterQuizAppUITests.swift in Sources */ = {isa = PBXBuildFile; fileRef = 70B51E262BAA743E0038AB91 /* EaterQuizAppUITests.swift */; };
		70B51E292BAA743E0038AB91 /* EaterQuizAppUITestsLaunchTests.swift in Sources */ = {isa = PBXBuildFile; fileRef = 70B51E282BAA743E0038AB91 /* EaterQuizAppUITestsLaunchTests.swift */; };
/* End PBXBuildFile section */

/* Begin PBXContainerItemProxy section */
		70B51E192BAA743E0038AB91 /* PBXContainerItemProxy */ = {
			isa = PBXContainerItemProxy;
			containerPortal = 70B51DFA2BAA743C0038AB91 /* Project object */;
			proxyType = 1;
			remoteGlobalIDString = 70B51E012BAA743C0038AB91;
			remoteInfo = EaterQuizApp;
		};
		70B51E232BAA743E0038AB91 /* PBXContainerItemProxy */ = {
			isa = PBXContainerItemProxy;
			containerPortal = 70B51DFA2BAA743C0038AB91 /* Project object */;
			proxyType = 1;
			remoteGlobalIDString = 70B51E012BAA743C0038AB91;
			remoteInfo = EaterQuizApp;
		};
/* End PBXContainerItemProxy section */

/* Begin PBXFileReference section */
		70B51E022BAA743C0038AB91 /* EaterQuizApp.app */ = {isa = PBXFileReference; explicitFileType = wrapper.application; includeInIndex = 0; path = EaterQuizApp.app; sourceTree = BUILT_PRODUCTS_DIR; };
		70B51E052BAA743C0038AB91 /* AppDelegate.swift */ = {isa = PBXFileReference; lastKnownFileType = sourcecode.swift; path = AppDelegate.swift; sourceTree = "<group>"; };
		70B51E072BAA743C0038AB91 /* SceneDelegate.swift */ = {isa = PBXFileReference; lastKnownFileType = sourcecode.swift; path = SceneDelegate.swift; sourceTree = "<group>"; };
		70B51E092BAA743C0038AB91 /* ViewController.swift */ = {isa = PBXFileReference; lastKnownFileType = sourcecode.swift; path = ViewController.swift; sourceTree = "<group>"; };
		70B51E0C2BAA743C0038AB91 /* Base */ = {isa = PBXFileReference; lastKnownFileType = file.storyboard; name = Base; path = Base.lproj/Main.storyboard; sourceTree = "<group>"; };
		70B51E0E2BAA743E0038AB91 /* Assets.xcassets */ = {isa = PBXFileReference; lastKnownFileType = folder.assetcatalog; path = Assets.xcassets; sourceTree = "<group>"; };
		70B51E112BAA743E0038AB91 /* Base */ = {isa = PBXFileReference; lastKnownFileType = file.storyboard; name = Base; path = Base.lproj/LaunchScreen.storyboard; sourceTree = "<group>"; };
		70B51E132BAA743E0038AB91 /* Info.plist */ = {isa = PBXFileReference; lastKnownFileType = text.plist.xml; path = Info.plist; sourceTree = "<group>"; };
		70B51E182BAA743E0038AB91 /* EaterQuizAppTests.xctest */ = {isa = PBXFileReference; explicitFileType = wrapper.cfbundle; includeInIndex = 0; path = EaterQuizAppTests.xctest; sourceTree = BUILT_PRODUCTS_DIR; };
		70B51E1C2BAA743E0038AB91 /* EaterQuizAppTests.swift */ = {isa = PBXFileReference; lastKnownFileType = sourcecode.swift; path = EaterQuizAppTests.swift; sourceTree = "<group>"; };
		70B51E222BAA743E0038AB91 /* EaterQuizAppUITests.xctest */ = {isa = PBXFileReference; explicitFileType = wrapper.cfbundle; includeInIndex = 0; path = EaterQuizAppUITests.xctest; sourceTree = BUILT_PRODUCTS_DIR; };
		70B51E262BAA743E0038AB91 /* EaterQuizAppUITests.swift */ = {isa = PBXFileReference; lastKnownFileType = sourcecode.swift; path = EaterQuizAppUITests.swift; sourceTree = "<group>"; };
		70B51E282BAA743E0038AB91 /* EaterQuizAppUITestsLaunchTests.swift */ = {isa = PBXFileReference; lastKnownFileType = sourcecode.swift; path = EaterQuizAppUITestsLaunchTests.swift; sourceTree = "<group>"; };
/* End PBXFileReference section */

/* Begin PBXFrameworksBuildPhase section */
		70B51DFF2BAA743C0038AB91 /* Frameworks */ = {
			isa = PBXFrameworksBuildPhase;
			buildActionMask = 2147483647;
			files = (
			);
			runOnlyForDeploymentPostprocessing = 0;
		};
		70B51E152BAA743E0038AB91 /* Frameworks */ = {
			isa = PBXFrameworksBuildPhase;
			buildActionMask = 2147483647;
			files = (
			);
			runOnlyForDeploymentPostprocessing = 0;
		};
		70B51E1F2BAA743E0038AB91 /* Frameworks */ = {
			isa = PBXFrameworksBuildPhase;
			buildActionMask = 2147483647;
			files = (
			);
			runOnlyForDeploymentPostprocessing = 0;
		};
/* End PBXFrameworksBuildPhase section */

/* Begin PBXGroup section */
		70B51DF92BAA743C0038AB91 = {
			isa = PBXGroup;
			children = (
				70B51E042BAA743C0038AB91 /* EaterQuizApp */,
				70B51E1B2BAA743E0038AB91 /* EaterQuizAppTests */,
				70B51E252BAA743E0038AB91 /* EaterQuizAppUITests */,
				70B51E032BAA743C0038AB91 /* Products */,
			);
			sourceTree = "<group>";
		};
		70B51E032BAA743C0038AB91 /* Products */ = {
			isa = PBXGroup;
			children = (
				70B51E022BAA743C0038AB91 /* EaterQuizApp.app */,
				70B51E182BAA743E0038AB91 /* EaterQuizAppTests.xctest */,
				70B51E222BAA743E0038AB91 /* EaterQuizAppUITests.xctest */,
			);
			name = Products;
			sourceTree = "<group>";
		};
		70B51E042BAA743C0038AB91 /* EaterQuizApp */ = {
			isa = PBXGroup;
			children = (
				70B51E052BAA743C0038AB91 /* AppDelegate.swift */,
				70B51E072BAA743C0038AB91 /* SceneDelegate.swift */,
				70B51E092BAA743C0038AB91 /* ViewController.swift */,
				70B51E0B2BAA743C0038AB91 /* Main.storyboard */,
				70B51E0E2BAA743E0038AB91 /* Assets.xcassets */,
				70B51E102BAA743E0038AB91 /* LaunchScreen.storyboard */,
				70B51E132BAA743E0038AB91 /* Info.plist */,
			);
			path = EaterQuizApp;
			sourceTree = "<group>";
		};
		70B51E1B2BAA743E0038AB91 /* EaterQuizAppTests */ = {
			isa = PBXGroup;
			children = (
				70B51E1C2BAA743E0038AB91 /* EaterQuizAppTests.swift */,
			);
			path = EaterQuizAppTests;
			sourceTree = "<group>";
		};
		70B51E252BAA743E0038AB91 /* EaterQuizAppUITests */ = {
			isa = PBXGroup;
			children = (
				70B51E262BAA743E0038AB91 /* EaterQuizAppUITests.swift */,
				70B51E282BAA743E0038AB91 /* EaterQuizAppUITestsLaunchTests.swift */,
			);
			path = EaterQuizAppUITests;
			sourceTree = "<group>";
		};
/* End PBXGroup section */

/* Begin PBXNativeTarget section */
		70B51E012BAA743C0038AB91 /* EaterQuizApp */ = {
			isa = PBXNativeTarget;
			buildConfigurationList = 70B51E2C2BAA743E0038AB91 /* Build configuration list for PBXNativeTarget "EaterQuizApp" */;
			buildPhases = (
				70B51DFE2BAA743C0038AB91 /* Sources */,
				70B51DFF2BAA743C0038AB91 /* Frameworks */,
				70B51E002BAA743C0038AB91 /* Resources */,
			);
			buildRules = (
			);
			dependencies = (
			);
			name = EaterQuizApp;
			productName = EaterQuizApp;
			productReference = 70B51E022BAA743C0038AB91 /* EaterQuizApp.app */;
			productType = "com.apple.product-type.application";
		};
		70B51E172BAA743E0038AB91 /* EaterQuizAppTests */ = {
			isa = PBXNativeTarget;
			buildConfigurationList = 70B51E2F2BAA743E0038AB91 /* Build configuration list for PBXNativeTarget "EaterQuizAppTests" */;
			buildPhases = (
				70B51E142BAA743E0038AB91 /* Sources */,
				70B51E152BAA743E0038AB91 /* Frameworks */,
				70B51E162BAA743E0038AB91 /* Resources */,
			);
			buildRules = (
			);
			dependencies = (
				70B51E1A2BAA743E0038AB91 /* PBXTargetDependency */,
			);
			name = EaterQuizAppTests;
			productName = EaterQuizAppTests;
			productReference = 70B51E182BAA743E0038AB91 /* EaterQuizAppTests.xctest */;
			productType = "com.apple.product-type.bundle.unit-test";
		};
		70B51E212BAA743E0038AB91 /* EaterQuizAppUITests */ = {
			isa = PBXNativeTarget;
			buildConfigurationList = 70B51E322BAA743E0038AB91 /* Build configuration list for PBXNativeTarget "EaterQuizAppUITests" */;
			buildPhases = (
				70B51E1E2BAA743E0038AB91 /* Sources */,
				70B51E1F2BAA743E0038AB91 /* Frameworks */,
				70B51E202BAA743E0038AB91 /* Resources */,
			);
			buildRules = (
			);
			dependencies = (
				70B51E242BAA743E0038AB91 /* PBXTargetDependency */,
			);
			name = EaterQuizAppUITests;
			productName = EaterQuizAppUITests;
			productReference = 70B51E222BAA743E0038AB91 /* EaterQuizAppUITests.xctest */;
			productType = "com.apple.product-type.bundle.ui-testing";
		};
/* End PBXNativeTarget section */

/* Begin PBXProject section */
		70B51DFA2BAA743C0038AB91 /* Project object */ = {
			isa = PBXProject;
			attributes = {
				BuildIndependentTargetsInParallel = 1;
				LastSwiftUpdateCheck = 1530;
				LastUpgradeCheck = 1530;
				TargetAttributes = {
					70B51E012BAA743C0038AB91 = {
						CreatedOnToolsVersion = 15.3;
					};
					70B51E172BAA743E0038AB91 = {
						CreatedOnToolsVersion = 15.3;
						TestTargetID = 70B51E012BAA743C0038AB91;
					};
					70B51E212BAA743E0038AB91 = {
						CreatedOnToolsVersion = 15.3;
						TestTargetID = 70B51E012BAA743C0038AB91;
					};
				};
			};
			buildConfigurationList = 70B51DFD2BAA743C0038AB91 /* Build configuration list for PBXProject "EaterQuizApp" */;
			compatibilityVersion = "Xcode 14.0";
			developmentRegion = en;
			hasScannedForEncodings = 0;
			knownRegions = (
				en,
				Base,
			);
			mainGroup = 70B51DF92BAA743C0038AB91;
			productRefGroup = 70B51E032BAA743C0038AB91 /* Products */;
			projectDirPath = "";
			projectRoot = "";
			targets = (
				70B51E012BAA743C0038AB91 /* EaterQuizApp */,
				70B51E172BAA743E0038AB91 /* EaterQuizAppTests */,
				70B51E212BAA743E0038AB91 /* EaterQuizAppUITests */,
			);
		};
/* End PBXProject section */

/* Begin PBXResourcesBuildPhase section */
		70B51E002BAA743C0038AB91 /* Resources */ = {
			isa = PBXResourcesBuildPhase;
			buildActionMask = 2147483647;
			files = (
				70B51E0F2BAA743E0038AB91 /* Assets.xcassets in Resources */,
				70B51E122BAA743E0038AB91 /* Base in Resources */,
				70B51E0D2BAA743C0038AB91 /* Base in Resources */,
			);
			runOnlyForDeploymentPostprocessing = 0;
		};
		70B51E162BAA743E0038AB91 /* Resources */ = {
			isa = PBXResourcesBuildPhase;
			buildActionMask = 2147483647;
			files = (
			);
			runOnlyForDeploymentPostprocessing = 0;
		};
		70B51E202BAA743E0038AB91 /* Resources */ = {
			isa = PBXResourcesBuildPhase;
			buildActionMask = 2147483647;
			files = (
			);
			runOnlyForDeploymentPostprocessing = 0;
		};
/* End PBXResourcesBuildPhase section */

/* Begin PBXSourcesBuildPhase section */
		70B51DFE2BAA743C0038AB91 /* Sources */ = {
			isa = PBXSourcesBuildPhase;
			buildActionMask = 2147483647;
			files = (
				70B51E0A2BAA743C0038AB91 /* ViewController.swift in Sources */,
				70B51E062BAA743C0038AB91 /* AppDelegate.swift in Sources */,
				70B51E082BAA743C0038AB91 /* SceneDelegate.swift in Sources */,
			);
			runOnlyForDeploymentPostprocessing = 0;
		};
		70B51E142BAA743E0038AB91 /* Sources */ = {
			isa = PBXSourcesBuildPhase;
			buildActionMask = 2147483647;
			files = (
				70B51E1D2BAA743E0038AB91 /* EaterQuizAppTests.swift in Sources */,
			);
			runOnlyForDeploymentPostprocessing = 0;
		};
		70B51E1E2BAA743E0038AB91 /* Sources */ = {
			isa = PBXSourcesBuildPhase;
			buildActionMask = 2147483647;
			files = (
				70B51E272BAA743E0038AB91 /* EaterQuizAppUITests.swift in Sources */,
				70B51E292BAA743E0038AB91 /* EaterQuizAppUITestsLaunchTests.swift in Sources */,
			);
			runOnlyForDeploymentPostprocessing = 0;
		};
/* End PBXSourcesBuildPhase section */

/* Begin PBXTargetDependency section */
		70B51E1A2BAA743E0038AB91 /* PBXTargetDependency */ = {
			isa = PBXTargetDependency;
			target = 70B51E012BAA743C0038AB91 /* EaterQuizApp */;
			targetProxy = 70B51E192BAA743E0038AB91 /* PBXContainerItemProxy */;
		};
		70B51E242BAA743E0038AB91 /* PBXTargetDependency */ = {
			isa = PBXTargetDependency;
			target = 70B51E012BAA743C0038AB91 /* EaterQuizApp */;
			targetProxy = 70B51E232BAA743E0038AB91 /* PBXContainerItemProxy */;
		};
/* End PBXTargetDependency section */

/* Begin PBXVariantGroup section */
		70B51E0B2BAA743C0038AB91 /* Main.storyboard */ = {
			isa = PBXVariantGroup;
			children = (
				70B51E0C2BAA743C0038AB91 /* Base */,
			);
			name = Main.storyboard;
			sourceTree = "<group>";
		};
		70B51E102BAA743E0038AB91 /* LaunchScreen.storyboard */ = {
			isa = PBXVariantGroup;
			children = (
				70B51E112BAA743E0038AB91 /* Base */,
			);
			name = LaunchScreen.storyboard;
			sourceTree = "<group>";
		};
/* End PBXVariantGroup section */

/* Begin XCBuildConfiguration section */
		70B51E2A2BAA743E0038AB91 /* Debug */ = {
			isa = XCBuildConfiguration;
			buildSettings = {
				ALWAYS_SEARCH_USER_PATHS = NO;
				ASSETCATALOG_COMPILER_GENERATE_SWIFT_ASSET_SYMBOL_EXTENSIONS = YES;
				CLANG_ANALYZER_NONNULL = YES;
				CLANG_ANALYZER_NUMBER_OBJECT_CONVERSION = YES_AGGRESSIVE;
				CLANG_CXX_LANGUAGE_STANDARD = "gnu++20";
				CLANG_ENABLE_MODULES = YES;
				CLANG_ENABLE_OBJC_ARC = YES;
				CLANG_ENABLE_OBJC_WEAK = YES;
				CLANG_WARN_BLOCK_CAPTURE_AUTORELEASING = YES;
				CLANG_WARN_BOOL_CONVERSION = YES;
				CLANG_WARN_COMMA = YES;
				CLANG_WARN_CONSTANT_CONVERSION = YES;
				CLANG_WARN_DEPRECATED_OBJC_IMPLEMENTATIONS = YES;
				CLANG_WARN_DIRECT_OBJC_ISA_USAGE = YES_ERROR;
				CLANG_WARN_DOCUMENTATION_COMMENTS = YES;
				CLANG_WARN_EMPTY_BODY = YES;
				CLANG_WARN_ENUM_CONVERSION = YES;
				CLANG_WARN_INFINITE_RECURSION = YES;
				CLANG_WARN_INT_CONVERSION = YES;
				CLANG_WARN_NON_LITERAL_NULL_CONVERSION = YES;
				CLANG_WARN_OBJC_IMPLICIT_RETAIN_SELF = YES;
				CLANG_WARN_OBJC_LITERAL_CONVERSION = YES;
				CLANG_WARN_OBJC_ROOT_CLASS = YES_ERROR;
				CLANG_WARN_QUOTED_INCLUDE_IN_FRAMEWORK_HEADER = YES;
				CLANG_WARN_RANGE_LOOP_ANALYSIS = YES;
				CLANG_WARN_STRICT_PROTOTYPES = YES;
				CLANG_WARN_SUSPICIOUS_MOVE = YES;
				CLANG_WARN_UNGUARDED_AVAILABILITY = YES_AGGRESSIVE;
				CLANG_WARN_UNREACHABLE_CODE = YES;
				CLANG_WARN__DUPLICATE_METHOD_MATCH = YES;
				COPY_PHASE_STRIP = NO;
				DEBUG_INFORMATION_FORMAT = dwarf;
				ENABLE_STRICT_OBJC_MSGSEND = YES;
				ENABLE_TESTABILITY = YES;
				ENABLE_USER_SCRIPT_SANDBOXING = YES;
				GCC_C_LANGUAGE_STANDARD = gnu17;
				GCC_DYNAMIC_NO_PIC = NO;
				GCC_NO_COMMON_BLOCKS = YES;
				GCC_OPTIMIZATION_LEVEL = 0;
				GCC_PREPROCESSOR_DEFINITIONS = (
					"DEBUG=1",
					"$(inherited)",
				);
				GCC_WARN_64_TO_32_BIT_CONVERSION = YES;
				GCC_WARN_ABOUT_RETURN_TYPE = YES_ERROR;
				GCC_WARN_UNDECLARED_SELECTOR = YES;
				GCC_WARN_UNINITIALIZED_AUTOS = YES_AGGRESSIVE;
				GCC_WARN_UNUSED_FUNCTION = YES;
				GCC_WARN_UNUSED_VARIABLE = YES;
				IPHONEOS_DEPLOYMENT_TARGET = 17.4;
				LOCALIZATION_PREFERS_STRING_CATALOGS = YES;
				MTL_ENABLE_DEBUG_INFO = INCLUDE_SOURCE;
				MTL_FAST_MATH = YES;
				ONLY_ACTIVE_ARCH = YES;
				SDKROOT = iphoneos;
				SWIFT_ACTIVE_COMPILATION_CONDITIONS = "DEBUG $(inherited)";
				SWIFT_OPTIMIZATION_LEVEL = "-Onone";
			};
			name = Debug;
		};
		70B51E2B2BAA743E0038AB91 /* Release */ = {
			isa = XCBuildConfiguration;
			buildSettings = {
				ALWAYS_SEARCH_USER_PATHS = NO;
				ASSETCATALOG_COMPILER_GENERATE_SWIFT_ASSET_SYMBOL_EXTENSIONS = YES;
				CLANG_ANALYZER_NONNULL = YES;
				CLANG_ANALYZER_NUMBER_OBJECT_CONVERSION = YES_AGGRESSIVE;
				CLANG_CXX_LANGUAGE_STANDARD = "gnu++20";
				CLANG_ENABLE_MODULES = YES;
				CLANG_ENABLE_OBJC_ARC = YES;
				CLANG_ENABLE_OBJC_WEAK = YES;
				CLANG_WARN_BLOCK_CAPTURE_AUTORELEASING = YES;
				CLANG_WARN_BOOL_CONVERSION = YES;
				CLANG_WARN_COMMA = YES;
				CLANG_WARN_CONSTANT_CONVERSION = YES;
				CLANG_WARN_DEPRECATED_OBJC_IMPLEMENTATIONS = YES;
				CLANG_WARN_DIRECT_OBJC_ISA_USAGE = YES_ERROR;
				CLANG_WARN_DOCUMENTATION_COMMENTS = YES;
				CLANG_WARN_EMPTY_BODY = YES;
				CLANG_WARN_ENUM_CONVERSION = YES;
				CLANG_WARN_INFINITE_RECURSION = YES;
				CLANG_WARN_INT_CONVERSION = YES;
				CLANG_WARN_NON_LITERAL_NULL_CONVERSION = YES;
				CLANG_WARN_OBJC_IMPLICIT_RETAIN_SELF = YES;
				CLANG_WARN_OBJC_LITERAL_CONVERSION = YES;
				CLANG_WARN_OBJC_ROOT_CLASS = YES_ERROR;
				CLANG_WARN_QUOTED_INCLUDE_IN_FRAMEWORK_HEADER = YES;
				CLANG_WARN_RANGE_LOOP_ANALYSIS = YES;
				CLANG_WARN_STRICT_PROTOTYPES = YES;
				CLANG_WARN_SUSPICIOUS_MOVE = YES;
				CLANG_WARN_UNGUARDED_AVAILABILITY = YES_AGGRESSIVE;
				CLANG_WARN_UNREACHABLE_CODE = YES;
				CLANG_WARN__DUPLICATE_METHOD_MATCH = YES;
				COPY_PHASE_STRIP = NO;
				DEBUG_INFORMATION_FORMAT = "dwarf-with-dsym";
				ENABLE_NS_ASSERTIONS = NO;
				ENABLE_STRICT_OBJC_MSGSEND = YES;
				ENABLE_USER_SCRIPT_SANDBOXING = YES;
				GCC_C_LANGUAGE_STANDARD = gnu17;
				GCC_NO_COMMON_BLOCKS = YES;
				GCC_WARN_64_TO_32_BIT_CONVERSION = YES;
				GCC_WARN_ABOUT_RETURN_TYPE = YES_ERROR;
				GCC_WARN_UNDECLARED_SELECTOR = YES;
				GCC_WARN_UNINITIALIZED_AUTOS = YES_AGGRESSIVE;
				GCC_WARN_UNUSED_FUNCTION = YES;
				GCC_WARN_UNUSED_VARIABLE = YES;
				IPHONEOS_DEPLOYMENT_TARGET = 17.4;
				LOCALIZATION_PREFERS_STRING_CATALOGS = YES;
				MTL_ENABLE_DEBUG_INFO = NO;
				MTL_FAST_MATH = YES;
				SDKROOT = iphoneos;
				SWIFT_COMPILATION_MODE = wholemodule;
				VALIDATE_PRODUCT = YES;
			};
			name = Release;
		};
		70B51E2D2BAA743E0038AB91 /* Debug */ = {
			isa = XCBuildConfiguration;
			buildSettings = {
				ASSETCATALOG_COMPILER_APPICON_NAME = AppIcon;
				ASSETCATALOG_COMPILER_GLOBAL_ACCENT_COLOR_NAME = AccentColor;
				CODE_SIGN_STYLE = Automatic;
				CURRENT_PROJECT_VERSION = 1;
				GENERATE_INFOPLIST_FILE = YES;
				INFOPLIST_FILE = EaterQuizApp/Info.plist;
				INFOPLIST_KEY_UIApplicationSupportsIndirectInputEvents = YES;
				INFOPLIST_KEY_UILaunchStoryboardName = LaunchScreen;
				INFOPLIST_KEY_UIMainStoryboardFile = Main;
				INFOPLIST_KEY_UISupportedInterfaceOrientations_iPad = "UIInterfaceOrientationPortrait UIInterfaceOrientationPortraitUpsideDown UIInterfaceOrientationLandscapeLeft UIInterfaceOrientationLandscapeRight";
				INFOPLIST_KEY_UISupportedInterfaceOrientations_iPhone = "UIInterfaceOrientationPortrait UIInterfaceOrientationLandscapeLeft UIInterfaceOrientationLandscapeRight";
				LD_RUNPATH_SEARCH_PATHS = (
					"$(inherited)",
					"@executable_path/Frameworks",
				);
				MARKETING_VERSION = 1.0;
				PRODUCT_BUNDLE_IDENTIFIER = com.meekmoop.EaterQuizApp;
				PRODUCT_NAME = "$(TARGET_NAME)";
				SWIFT_EMIT_LOC_STRINGS = YES;
				SWIFT_VERSION = 5.0;
				TARGETED_DEVICE_FAMILY = "1,2";
			};
			name = Debug;
		};
		70B51E2E2BAA743E0038AB91 /* Release */ = {
			isa = XCBuildConfiguration;
			buildSettings = {
				ASSETCATALOG_COMPILER_APPICON_NAME = AppIcon;
				ASSETCATALOG_COMPILER_GLOBAL_ACCENT_COLOR_NAME = AccentColor;
				CODE_SIGN_STYLE = Automatic;
				CURRENT_PROJECT_VERSION = 1;
				GENERATE_INFOPLIST_FILE = YES;
				INFOPLIST_FILE = EaterQuizApp/Info.plist;
				INFOPLIST_KEY_UIApplicationSupportsIndirectInputEvents = YES;
				INFOPLIST_KEY_UILaunchStoryboardName = LaunchScreen;
				INFOPLIST_KEY_UIMainStoryboardFile = Main;
				INFOPLIST_KEY_UISupportedInterfaceOrientations_iPad = "UIInterfaceOrientationPortrait UIInterfaceOrientationPortraitUpsideDown UIInterfaceOrientationLandscapeLeft UIInterfaceOrientationLandscapeRight";
				INFOPLIST_KEY_UISupportedInterfaceOrientations_iPhone = "UIInterfaceOrientationPortrait UIInterfaceOrientationLandscapeLeft UIInterfaceOrientationLandscapeRight";
				LD_RUNPATH_SEARCH_PATHS = (
					"$(inherited)",
					"@executable_path/Frameworks",
				);
				MARKETING_VERSION = 1.0;
				PRODUCT_BUNDLE_IDENTIFIER = com.meekmoop.EaterQuizApp;
				PRODUCT_NAME = "$(TARGET_NAME)";
				SWIFT_EMIT_LOC_STRINGS = YES;
				SWIFT_VERSION = 5.0;
				TARGETED_DEVICE_FAMILY = "1,2";
			};
			name = Release;
		};
		70B51E302BAA743E0038AB91 /* Debug */ = {
			isa = XCBuildConfiguration;
			buildSettings = {
				ALWAYS_EMBED_SWIFT_STANDARD_LIBRARIES = YES;
				BUNDLE_LOADER = "$(TEST_HOST)";
				CODE_SIGN_STYLE = Automatic;
				CURRENT_PROJECT_VERSION = 1;
				GENERATE_INFOPLIST_FILE = YES;
				IPHONEOS_DEPLOYMENT_TARGET = 17.4;
				MARKETING_VERSION = 1.0;
				PRODUCT_BUNDLE_IDENTIFIER = com.meekmoop.EaterQuizAppTests;
				PRODUCT_NAME = "$(TARGET_NAME)";
				SWIFT_EMIT_LOC_STRINGS = NO;
				SWIFT_VERSION = 5.0;
				TARGETED_DEVICE_FAMILY = "1,2";
				TEST_HOST = "$(BUILT_PRODUCTS_DIR)/EaterQuizApp.app/$(BUNDLE_EXECUTABLE_FOLDER_PATH)/EaterQuizApp";
			};
			name = Debug;
		};
		70B51E312BAA743E0038AB91 /* Release */ = {
			isa = XCBuildConfiguration;
			buildSettings = {
				ALWAYS_EMBED_SWIFT_STANDARD_LIBRARIES = YES;
				BUNDLE_LOADER = "$(TEST_HOST)";
				CODE_SIGN_STYLE = Automatic;
				CURRENT_PROJECT_VERSION = 1;
				GENERATE_INFOPLIST_FILE = YES;
				IPHONEOS_DEPLOYMENT_TARGET = 17.4;
				MARKETING_VERSION = 1.0;
				PRODUCT_BUNDLE_IDENTIFIER = com.meekmoop.EaterQuizAppTests;
				PRODUCT_NAME = "$(TARGET_NAME)";
				SWIFT_EMIT_LOC_STRINGS = NO;
				SWIFT_VERSION = 5.0;
				TARGETED_DEVICE_FAMILY = "1,2";
				TEST_HOST = "$(BUILT_PRODUCTS_DIR)/EaterQuizApp.app/$(BUNDLE_EXECUTABLE_FOLDER_PATH)/EaterQuizApp";
			};
			name = Release;
		};
		70B51E332BAA743E0038AB91 /* Debug */ = {
			isa = XCBuildConfiguration;
			buildSettings = {
				ALWAYS_EMBED_SWIFT_STANDARD_LIBRARIES = YES;
				CODE_SIGN_STYLE = Automatic;
				CURRENT_PROJECT_VERSION = 1;
				GENERATE_INFOPLIST_FILE = YES;
				MARKETING_VERSION = 1.0;
				PRODUCT_BUNDLE_IDENTIFIER = com.meekmoop.EaterQuizAppUITests;
				PRODUCT_NAME = "$(TARGET_NAME)";
				SWIFT_EMIT_LOC_STRINGS = NO;
				SWIFT_VERSION = 5.0;
				TARGETED_DEVICE_FAMILY = "1,2";
				TEST_TARGET_NAME = EaterQuizApp;
			};
			name = Debug;
		};
		70B51E342BAA743E0038AB91 /* Release */ = {
			isa = XCBuildConfiguration;
			buildSettings = {
				ALWAYS_EMBED_SWIFT_STANDARD_LIBRARIES = YES;
				CODE_SIGN_STYLE = Automatic;
				CURRENT_PROJECT_VERSION = 1;
				GENERATE_INFOPLIST_FILE = YES;
				MARKETING_VERSION = 1.0;
				PRODUCT_BUNDLE_IDENTIFIER = com.meekmoop.EaterQuizAppUITests;
				PRODUCT_NAME = "$(TARGET_NAME)";
				SWIFT_EMIT_LOC_STRINGS = NO;
				SWIFT_VERSION = 5.0;
				TARGETED_DEVICE_FAMILY = "1,2";
				TEST_TARGET_NAME = EaterQuizApp;
			};
			name = Release;
		};
/* End XCBuildConfiguration section */

/* Begin XCConfigurationList section */
		70B51DFD2BAA743C0038AB91 /* Build configuration list for PBXProject "EaterQuizApp" */ = {
			isa = XCConfigurationList;
			buildConfigurations = (
				70B51E2A2BAA743E0038AB91 /* Debug */,
				70B51E2B2BAA743E0038AB91 /* Release */,
			);
			defaultConfigurationIsVisible = 0;
			defaultConfigurationName = Release;
		};
		70B51E2C2BAA743E0038AB91 /* Build configuration list for PBXNativeTarget "EaterQuizApp" */ = {
			isa = XCConfigurationList;
			buildConfigurations = (
				70B51E2D2BAA743E0038AB91 /* Debug */,
				70B51E2E2BAA743E0038AB91 /* Release */,
			);
			defaultConfigurationIsVisible = 0;
			defaultConfigurationName = Release;
		};
		70B51E2F2BAA743E0038AB91 /* Build configuration list for PBXNativeTarget "EaterQuizAppTests" */ = {
			isa = XCConfigurationList;
			buildConfigurations = (
				70B51E302BAA743E0038AB91 /* Debug */,
				70B51E312BAA743E0038AB91 /* Release */,
			);
			defaultConfigurationIsVisible = 0;
			defaultConfigurationName = Release;
		};
		70B51E322BAA743E0038AB91 /* Build configuration list for PBXNativeTarget "EaterQuizAppUITests" */ = {
			isa = XCConfigurationList;
			buildConfigurations = (
				70B51E332BAA743E0038AB91 /* Debug */,
				70B51E342BAA743E0038AB91 /* Release */,
			);
			defaultConfigurationIsVisible = 0;
			defaultConfigurationName = Release;
		};
/* End XCConfigurationList section */
	};
	rootObject = 70B51DFA2BAA743C0038AB91 /* Project object */;
}
